
Microsoft Visual Studio Solution File, Format Version 11.00
# Visual Studio 2010
Project("{FAE04EC0-301F-11D3-BF4B-00C04F79EFBC}") = "Utilities", "Utilities\Utilities.csproj", "{240E5097-8D5C-4532-9BE2-D4D0F123FB52}"
EndProject
Project("{FAE04EC0-301F-11D3-BF4B-00C04F79EFBC}") = "MathExPartsCreate", "MathExPartsCreate\MathExPartsCreate.csproj", "{BA06C5A5-824E-40BC-823E-F3745EBF4CB4}"
EndProject
Project("{FAE04EC0-301F-11D3-BF4B-00C04F79EFBC}") = "Utilities.Tests", "Utilities.Tests\Utilities.Tests.csproj", "{524D2C15-541A-428F-84F5-978C7141A500}"
EndProject
Project("{2150E333-8FDC-42A3-9474-1A3956D46DE8}") = "Solution Items", "Solution Items", "{15AB6229-DEE3-47EF-A9F9-D1D895C4612B}"
	ProjectSection(SolutionItems) = preProject
		Local.testsettings = Local.testsettings
		TraceAndTestImpact.testsettings = TraceAndTestImpact.testsettings
		Utilities.vsmdi = Utilities.vsmdi
	EndProjectSection
EndProject
Global
	GlobalSection(TestCaseManagementSettings) = postSolution
		CategoryFile = Utilities.vsmdi
	EndGlobalSection
	GlobalSection(SolutionConfigurationPlatforms) = preSolution
		Debug|Any CPU = Debug|Any CPU
		Debug|Mixed Platforms = Debug|Mixed Platforms
		Debug|x86 = Debug|x86
		Release|Any CPU = Release|Any CPU
		Release|Mixed Platforms = Release|Mixed Platforms
		Release|x86 = Release|x86
	EndGlobalSection
	GlobalSection(ProjectConfigurationPlatforms) = postSolution
		{240E5097-8D5C-4532-9BE2-D4D0F123FB52}.Debug|Any CPU.ActiveCfg = Debug|Any CPU
		{240E5097-8D5C-4532-9BE2-D4D0F123FB52}.Debug|Any CPU.Build.0 = Debug|Any CPU
		{240E5097-8D5C-4532-9BE2-D4D0F123FB52}.Debug|Mixed Platforms.ActiveCfg = Debug|Any CPU
		{240E5097-8D5C-4532-9BE2-D4D0F123FB52}.Debug|Mixed Platforms.Build.0 = Debug|Any CPU
		{240E5097-8D5C-4532-9BE2-D4D0F123FB52}.Debug|x86.ActiveCfg = Debug|Any CPU
		{240E5097-8D5C-4532-9BE2-D4D0F123FB52}.Release|Any CPU.ActiveCfg = Release|Any CPU
		{240E5097-8D5C-4532-9BE2-D4D0F123FB52}.Release|Any CPU.Build.0 = Release|Any CPU
		{240E5097-8D5C-4532-9BE2-D4D0F123FB52}.Release|Mixed Platforms.ActiveCfg = Release|Any CPU
		{240E5097-8D5C-4532-9BE2-D4D0F123FB52}.Release|Mixed Platforms.Build.0 = Release|Any CPU
		{240E5097-8D5C-4532-9BE2-D4D0F123FB52}.Release|x86.ActiveCfg = Release|Any CPU
		{BA06C5A5-824E-40BC-823E-F3745EBF4CB4}.Debug|Any CPU.ActiveCfg = Debug|x86
		{BA06C5A5-824E-40BC-823E-F3745EBF4CB4}.Debug|Mixed Platforms.ActiveCfg = Debug|x86
		{BA06C5A5-824E-40BC-823E-F3745EBF4CB4}.Debug|Mixed Platforms.Build.0 = Debug|x86
		{BA06C5A5-824E-40BC-823E-F3745EBF4CB4}.Debug|x86.ActiveCfg = Debug|x86
		{BA06C5A5-824E-40BC-823E-F3745EBF4CB4}.Debug|x86.Build.0 = Debug|x86
		{BA06C5A5-824E-40BC-823E-F3745EBF4CB4}.Release|Any CPU.ActiveCfg = Release|x86
		{BA06C5A5-824E-40BC-823E-F3745EBF4CB4}.Release|Mixed Platforms.ActiveCfg = Release|x86
		{BA06C5A5-824E-40BC-823E-F3745EBF4CB4}.Release|Mixed Platforms.Build.0 = Release|x86
		{BA06C5A5-824E-40BC-823E-F3745EBF4CB4}.Release|x86.ActiveCfg = Release|x86
		{BA06C5A5-824E-40BC-823E-F3745EBF4CB4}.Release|x86.Build.0 = Release|x86
		{524D2C15-541A-428F-84F5-978C7141A500}.Debug|Any CPU.ActiveCfg = Debug|Any CPU
		{524D2C15-541A-428F-84F5-978C7141A500}.Debug|Any CPU.Build.0 = Debug|Any CPU
		{524D2C15-541A-428F-84F5-978C7141A500}.Debug|Mixed Platforms.ActiveCfg = Debug|Any CPU
		{524D2C15-541A-428F-84F5-978C7141A500}.Debug|Mixed Platforms.Build.0 = Debug|Any CPU
		{524D2C15-541A-428F-84F5-978C7141A500}.Debug|x86.ActiveCfg = Debug|Any CPU
		{524D2C15-541A-428F-84F5-978C7141A500}.Release|Any CPU.ActiveCfg = Release|Any CPU
		{524D2C15-541A-428F-84F5-978C7141A500}.Release|Any CPU.Build.0 = Release|Any CPU
		{524D2C15-541A-428F-84F5-978C7141A500}.Release|Mixed Platforms.ActiveCfg = Release|Any CPU
		{524D2C15-541A-428F-84F5-978C7141A500}.Release|Mixed Platforms.Build.0 = Release|Any CPU
		{524D2C15-541A-428F-84F5-978C7141A500}.Release|x86.ActiveCfg = Release|Any CPU
	EndGlobalSection
	GlobalSection(SolutionProperties) = preSolution
		HideSolutionNode = FALSE
	EndGlobalSection
EndGlobal
